<?xml version="1.0" encoding="utf-8"?>
<Project ToolsVersion="4.0" xmlns="http://schemas.microsoft.com/developer/msbuild/2003">
  <ItemGroup>
    <Filter Include="Header Files">
      <UniqueIdentifier>{93995380-89BD-4b04-88EB-625FBE52EBFB}</UniqueIdentifier>
      <Extensions>h;hpp;hxx;hm;inl;inc;xsd</Extensions>
    </Filter>
    <Filter Include="Resource Files">
      <UniqueIdentifier>{67DA6AB6-F800-4c08-8B7A-83BB121AAD01}</UniqueIdentifier>
      <Extensions>rc;ico;cur;bmp;dlg;rc2;rct;bin;rgs;gif;jpg;jpeg;jpe;resx</Extensions>
    </Filter>
    <Filter Include="Source Files">
      <UniqueIdentifier>{4FC737F1-C7A5-4376-A066-2A32D752A2FF}</UniqueIdentifier>
      <Extensions>cpp;c;cc;cxx;def;odl;idl;hpj;bat;asm;asmx</Extensions>
    </Filter>
    <Filter Include="Source Files\Model">
      <UniqueIdentifier>{79d1fdee-168c-425d-9d2f-584382a85fec}</UniqueIdentifier>
    </Filter>
    <Filter Include="Source Files\View">
      <UniqueIdentifier>{bd15b45e-3584-44e2-b960-d95512e7e942}</UniqueIdentifier>
    </Filter>
    <Filter Include="Source Files\Viewmodel">
      <UniqueIdentifier>{76049c65-9ec7-4066-9635-815d0bbe24e2}</UniqueIdentifier>
    </Filter>
    <Filter Include="Header Files\Model">
      <UniqueIdentifier>{80db3bfa-9cac-4422-b2df-c464b66b77c0}</UniqueIdentifier>
    </Filter>
    <Filter Include="Header Files\View">
      <UniqueIdentifier>{df5a1573-5339-4908-9ea1-7654335d3bf8}</UniqueIdentifier>
    </Filter>
    <Filter Include="Header Files\Viewmodel">
      <UniqueIdentifier>{7171263d-67dc-4bbd-9074-9534d9fbb19f}</UniqueIdentifier>
    </Filter>
    <Filter Include="Header Files\Model\GameActors">
      <UniqueIdentifier>{2ab71cba-1b27-4fb1-ad56-ceb29c137e17}</UniqueIdentifier>
    </Filter>
    <Filter Include="Source Files\Model\GameActors">
      <UniqueIdentifier>{7f43c549-a7ae-43bf-a527-501d72bcaae8}</UniqueIdentifier>
    </Filter>
    <Filter Include="Source Files\Model\GameActors\ActorFSM">
      <UniqueIdentifier>{f5657033-e4af-46bc-8150-613b6d99c9d8}</UniqueIdentifier>
    </Filter>
    <Filter Include="Header Files\Model\GameActors\ActorFSM">
      <UniqueIdentifier>{6fd20317-fcd5-483c-8eed-88d5f8baf466}</UniqueIdentifier>
    </Filter>
  </ItemGroup>
  <ItemGroup>
    <ClCompile Include="src\View\D2DHelper.cpp">
      <Filter>Source Files\View</Filter>
    </ClCompile>
    <ClCompile Include="src\View\D2DRenderer.cpp">
      <Filter>Source Files\View</Filter>
    </ClCompile>
    <ClCompile Include="src\Model\virtualtime.cpp">
      <Filter>Source Files\Model</Filter>
    </ClCompile>
    <ClCompile Include="src\Model\game.cpp">
      <Filter>Source Files\Model</Filter>
    </ClCompile>
    <ClCompile Include="src\Viewmodel\introstate.cpp">
      <Filter>Source Files\Viewmodel</Filter>
    </ClCompile>
    <ClCompile Include="src\Viewmodel\menustate.cpp">
      <Filter>Source Files\Viewmodel</Filter>
    </ClCompile>
    <ClCompile Include="src\Viewmodel\playstate.cpp">
      <Filter>Source Files\Viewmodel</Filter>
    </ClCompile>
    <ClCompile Include="src\Viewmodel\endGameState.cpp">
      <Filter>Source Files\Viewmodel</Filter>
    </ClCompile>
    <ClCompile Include="src\gameStart.cpp">
      <Filter>Source Files</Filter>
    </ClCompile>
    <ClCompile Include="src\View\window.cpp">
      <Filter>Source Files\View</Filter>
    </ClCompile>
    <ClCompile Include="src\Viewmodel\gameStatesManager.cpp">
      <Filter>Source Files\Viewmodel</Filter>
    </ClCompile>
    <ClCompile Include="src\Model\GameActors\ActorFSM\escapeState.cpp">
      <Filter>Source Files\Model\GameActors\ActorFSM</Filter>
    </ClCompile>
    <ClCompile Include="src\Model\GameActors\ActorFSM\FlagReturnState.cpp">
      <Filter>Source Files\Model\GameActors\ActorFSM</Filter>
    </ClCompile>
    <ClCompile Include="src\Model\GameActors\ActorFSM\FlagSeekState.cpp">
      <Filter>Source Files\Model\GameActors\ActorFSM</Filter>
    </ClCompile>
    <ClCompile Include="src\Model\GameActors\ActorFSM\attackState.cpp">
      <Filter>Source Files\Model\GameActors\ActorFSM</Filter>
    </ClCompile>
    <ClCompile Include="src\Model\GameActors\antelope.cpp">
      <Filter>Source Files\Model\GameActors</Filter>
    </ClCompile>
    <ClCompile Include="src\Model\GameActors\characterFSM.cpp">
      <Filter>Source Files\Model\GameActors</Filter>
    </ClCompile>
    <ClCompile Include="src\Model\GameActors\Flag.cpp">
      <Filter>Source Files\Model\GameActors</Filter>
    </ClCompile>
    <ClCompile Include="src\Model\GameActors\flagStand.cpp">
      <Filter>Source Files\Model\GameActors</Filter>
    </ClCompile>
    <ClCompile Include="src\Model\GameActors\gameObject.cpp">
      <Filter>Source Files\Model\GameActors</Filter>
    </ClCompile>
    <ClCompile Include="src\Model\GameActors\lion.cpp">
      <Filter>Source Files\Model\GameActors</Filter>
    </ClCompile>
    <ClCompile Include="src\Model\GameActors\agent.cpp">
      <Filter>Source Files\Model\GameActors</Filter>
    </ClCompile>
  </ItemGroup>
  <ItemGroup>
    <ClInclude Include="include\Model\game.h">
      <Filter>Header Files\Model</Filter>
    </ClInclude>
    <ClInclude Include="include\Model\virtualtime.h">
      <Filter>Header Files\Model</Filter>
    </ClInclude>
    <ClInclude Include="include\Viewmodel\introstate.h">
      <Filter>Header Files\Viewmodel</Filter>
    </ClInclude>
    <ClInclude Include="include\Viewmodel\menustate.h">
      <Filter>Header Files\Viewmodel</Filter>
    </ClInclude>
    <ClInclude Include="include\Viewmodel\playstate.h">
      <Filter>Header Files\Viewmodel</Filter>
    </ClInclude>
    <ClInclude Include="include\Viewmodel\endGameState.h">
      <Filter>Header Files\Viewmodel</Filter>
    </ClInclude>
    <ClInclude Include="include\Viewmodel\gamestate.h">
      <Filter>Header Files\Viewmodel</Filter>
    </ClInclude>
    <ClInclude Include="include\View\d2dHelper.h">
      <Filter>Header Files\View</Filter>
    </ClInclude>
    <ClInclude Include="include\View\d2dRenderer.h">
      <Filter>Header Files\View</Filter>
    </ClInclude>
    <ClInclude Include="include\View\window.h">
      <Filter>Header Files\View</Filter>
    </ClInclude>
    <ClInclude Include="include\Viewmodel\gameStatesManager.h">
      <Filter>Header Files\Viewmodel</Filter>
    </ClInclude>
    <ClInclude Include="include\Model\GameActors\ActorFSM\flagReturnState.h">
      <Filter>Header Files\Model\GameActors\ActorFSM</Filter>
    </ClInclude>
    <ClInclude Include="include\Model\GameActors\ActorFSM\flagSeekState.h">
      <Filter>Header Files\Model\GameActors\ActorFSM</Filter>
    </ClInclude>
    <ClInclude Include="include\Model\GameActors\ActorFSM\stateBase.h">
      <Filter>Header Files\Model\GameActors\ActorFSM</Filter>
    </ClInclude>
    <ClInclude Include="include\Model\GameActors\ActorFSM\attackState.h">
      <Filter>Header Files\Model\GameActors\ActorFSM</Filter>
    </ClInclude>
    <ClInclude Include="include\Model\GameActors\ActorFSM\escapeState.h">
      <Filter>Header Files\Model\GameActors\ActorFSM</Filter>
    </ClInclude>
    <ClInclude Include="include\Model\GameActors\antelope.h">
      <Filter>Header Files\Model\GameActors</Filter>
    </ClInclude>
    <ClInclude Include="include\Model\GameActors\characterFSM.h">
      <Filter>Header Files\Model\GameActors</Filter>
    </ClInclude>
    <ClInclude Include="include\Model\GameActors\flag.h">
      <Filter>Header Files\Model\GameActors</Filter>
    </ClInclude>
    <ClInclude Include="include\Model\GameActors\flagStand.h">
      <Filter>Header Files\Model\GameActors</Filter>
    </ClInclude>
    <ClInclude Include="include\Model\GameActors\gameObject.h">
      <Filter>Header Files\Model\GameActors</Filter>
    </ClInclude>
    <ClInclude Include="include\Model\GameActors\lion.h">
      <Filter>Header Files\Model\GameActors</Filter>
    </ClInclude>
    <ClInclude Include="include\Model\GameActors\agent.h">
      <Filter>Header Files\Model\GameActors</Filter>
    </ClInclude>
  </ItemGroup>
</Project>