<?xml version="1.0" encoding="utf-8"?>
<Project ToolsVersion="4.0" xmlns="http://schemas.microsoft.com/developer/msbuild/2003">
  <ItemGroup>
    <Filter Include="Header Files">
      <UniqueIdentifier>{93995380-89BD-4b04-88EB-625FBE52EBFB}</UniqueIdentifier>
      <Extensions>h;hpp;hxx;hm;inl;inc;xsd</Extensions>
    </Filter>
    <Filter Include="Resource Files">
      <UniqueIdentifier>{67DA6AB6-F800-4c08-8B7A-83BB121AAD01}</UniqueIdentifier>
      <Extensions>rc;ico;cur;bmp;dlg;rc2;rct;bin;rgs;gif;jpg;jpeg;jpe;resx</Extensions>
    </Filter>
    <Filter Include="Source Files">
      <UniqueIdentifier>{4FC737F1-C7A5-4376-A066-2A32D752A2FF}</UniqueIdentifier>
      <Extensions>cpp;c;cc;cxx;def;odl;idl;hpj;bat;asm;asmx</Extensions>
    </Filter>
    <Filter Include="Header Files\FSM">
      <UniqueIdentifier>{84d92552-03b9-413f-809f-742283184859}</UniqueIdentifier>
    </Filter>
    <Filter Include="Source Files\FSM">
      <UniqueIdentifier>{2deea75c-50df-4723-b741-8b4e69e2915d}</UniqueIdentifier>
    </Filter>
  </ItemGroup>
  <ItemGroup>
    <ClInclude Include="src\D2DHelper.h">
      <Filter>Header Files</Filter>
    </ClInclude>
    <ClInclude Include="src\SimpleDirect2dApplication.h">
      <Filter>Header Files</Filter>
    </ClInclude>
    <ClInclude Include="src\FSM\gameManager.h">
      <Filter>Header Files\FSM</Filter>
    </ClInclude>
    <ClInclude Include="src\FSM\gamestate.h">
      <Filter>Header Files\FSM</Filter>
    </ClInclude>
    <ClInclude Include="src\FSM\introstate.h">
      <Filter>Header Files\FSM</Filter>
    </ClInclude>
    <ClInclude Include="src\FSM\menustate.h">
      <Filter>Header Files\FSM</Filter>
    </ClInclude>
    <ClInclude Include="src\FSM\playstate.h">
      <Filter>Header Files\FSM</Filter>
    </ClInclude>
  </ItemGroup>
  <ItemGroup>
    <ResourceCompile Include="SimpleDirect2dApplication.rc">
      <Filter>Resource Files</Filter>
    </ResourceCompile>
  </ItemGroup>
  <ItemGroup>
    <Image Include="sampleImage.jpg">
      <Filter>Resource Files</Filter>
    </Image>
  </ItemGroup>
  <ItemGroup>
    <ClCompile Include="src\FSM\GameManager.cpp">
      <Filter>Source Files\FSM</Filter>
    </ClCompile>
    <ClCompile Include="src\FSM\introstate.cpp">
      <Filter>Source Files\FSM</Filter>
    </ClCompile>
    <ClCompile Include="src\FSM\menustate.cpp">
      <Filter>Source Files\FSM</Filter>
    </ClCompile>
    <ClCompile Include="src\FSM\playstate.cpp">
      <Filter>Source Files\FSM</Filter>
    </ClCompile>
    <ClCompile Include="src\D2DHelper.cpp">
      <Filter>Source Files</Filter>
    </ClCompile>
    <ClCompile Include="src\Main.cpp">
      <Filter>Source Files</Filter>
    </ClCompile>
    <ClCompile Include="src\SimpleDirect2dApplication.cpp">
      <Filter>Source Files</Filter>
    </ClCompile>
  </ItemGroup>
</Project>