<?xml version="1.0" encoding="utf-8"?>
<Project ToolsVersion="4.0" xmlns="http://schemas.microsoft.com/developer/msbuild/2003">
  <ItemGroup>
    <Filter Include="Header Files">
      <UniqueIdentifier>{93995380-89BD-4b04-88EB-625FBE52EBFB}</UniqueIdentifier>
      <Extensions>h;hpp;hxx;hm;inl;inc;xsd</Extensions>
    </Filter>
    <Filter Include="Resource Files">
      <UniqueIdentifier>{67DA6AB6-F800-4c08-8B7A-83BB121AAD01}</UniqueIdentifier>
      <Extensions>rc;ico;cur;bmp;dlg;rc2;rct;bin;rgs;gif;jpg;jpeg;jpe;resx</Extensions>
    </Filter>
    <Filter Include="Source Files">
      <UniqueIdentifier>{4FC737F1-C7A5-4376-A066-2A32D752A2FF}</UniqueIdentifier>
      <Extensions>cpp;c;cc;cxx;def;odl;idl;hpj;bat;asm;asmx</Extensions>
    </Filter>
    <Filter Include="Source Files\Model">
      <UniqueIdentifier>{79d1fdee-168c-425d-9d2f-584382a85fec}</UniqueIdentifier>
    </Filter>
    <Filter Include="Source Files\View">
      <UniqueIdentifier>{bd15b45e-3584-44e2-b960-d95512e7e942}</UniqueIdentifier>
    </Filter>
    <Filter Include="Source Files\Viewmodel">
      <UniqueIdentifier>{76049c65-9ec7-4066-9635-815d0bbe24e2}</UniqueIdentifier>
    </Filter>
    <Filter Include="Header Files\Model">
      <UniqueIdentifier>{80db3bfa-9cac-4422-b2df-c464b66b77c0}</UniqueIdentifier>
    </Filter>
    <Filter Include="Header Files\View">
      <UniqueIdentifier>{df5a1573-5339-4908-9ea1-7654335d3bf8}</UniqueIdentifier>
    </Filter>
    <Filter Include="Header Files\Viewmodel">
      <UniqueIdentifier>{7171263d-67dc-4bbd-9074-9534d9fbb19f}</UniqueIdentifier>
    </Filter>
    <Filter Include="Header Files\Model\GameObjects">
      <UniqueIdentifier>{6db7d281-9c62-4f81-b6e2-a39e4797fa59}</UniqueIdentifier>
    </Filter>
    <Filter Include="Header Files\Model\GameObjects\GameActors">
      <UniqueIdentifier>{b2510e93-fca3-4270-b568-a42942528815}</UniqueIdentifier>
    </Filter>
    <Filter Include="Header Files\Model\GameObjects\GameActors\ActorFSM">
      <UniqueIdentifier>{bb3241b2-a18c-40ff-93ff-b95e5a62c07a}</UniqueIdentifier>
    </Filter>
    <Filter Include="Source Files\Model\GameObjects">
      <UniqueIdentifier>{e912c360-a2a7-434f-8d48-755ca84587dc}</UniqueIdentifier>
    </Filter>
    <Filter Include="Source Files\Model\GameObjects\GameActors">
      <UniqueIdentifier>{26cfaa73-3769-47e6-9673-845ee31f585f}</UniqueIdentifier>
    </Filter>
    <Filter Include="Source Files\Model\GameObjects\GameActors\ActorFSM">
      <UniqueIdentifier>{0103c044-b680-4857-9811-f977baf72c8c}</UniqueIdentifier>
    </Filter>
  </ItemGroup>
  <ItemGroup>
    <ResourceCompile Include="SimpleDirect2dApplication.rc">
      <Filter>Resource Files</Filter>
    </ResourceCompile>
  </ItemGroup>
  <ItemGroup>
    <Image Include="sampleImage.jpg">
      <Filter>Resource Files</Filter>
    </Image>
  </ItemGroup>
  <ItemGroup>
    <ClCompile Include="src\GameStart.cpp">
      <Filter>Source Files</Filter>
    </ClCompile>
    <ClCompile Include="src\View\D2DHelper.cpp">
      <Filter>Source Files\View</Filter>
    </ClCompile>
    <ClCompile Include="src\View\D2DRenderer.cpp">
      <Filter>Source Files\View</Filter>
    </ClCompile>
    <ClCompile Include="src\View\Window.cpp">
      <Filter>Source Files\View</Filter>
    </ClCompile>
    <ClCompile Include="src\Model\virtualtime.cpp">
      <Filter>Source Files\Model</Filter>
    </ClCompile>
    <ClCompile Include="src\Model\game.cpp">
      <Filter>Source Files\Model</Filter>
    </ClCompile>
    <ClCompile Include="src\Model\GameObjects\Flag.cpp">
      <Filter>Source Files\Model\GameObjects</Filter>
    </ClCompile>
    <ClCompile Include="src\Model\GameObjects\GameActors\GameObject.cpp">
      <Filter>Source Files\Model\GameObjects\GameActors</Filter>
    </ClCompile>
    <ClCompile Include="src\Model\GameObjects\GameActors\Lion.cpp">
      <Filter>Source Files\Model\GameObjects\GameActors</Filter>
    </ClCompile>
    <ClCompile Include="src\Model\GameObjects\GameActors\StartPosition.cpp">
      <Filter>Source Files\Model\GameObjects\GameActors</Filter>
    </ClCompile>
    <ClCompile Include="src\Model\GameObjects\GameActors\agent.cpp">
      <Filter>Source Files\Model\GameObjects\GameActors</Filter>
    </ClCompile>
    <ClCompile Include="src\Model\GameObjects\GameActors\Antelope.cpp">
      <Filter>Source Files\Model\GameObjects\GameActors</Filter>
    </ClCompile>
    <ClCompile Include="src\Model\GameObjects\GameActors\ActorFSM\EscapeState.cpp">
      <Filter>Source Files\Model\GameObjects\GameActors\ActorFSM</Filter>
    </ClCompile>
    <ClCompile Include="src\Model\GameObjects\GameActors\ActorFSM\FlagSeekState.cpp">
      <Filter>Source Files\Model\GameObjects\GameActors\ActorFSM</Filter>
    </ClCompile>
    <ClCompile Include="src\Model\GameObjects\GameActors\ActorFSM\AttackState.cpp">
      <Filter>Source Files\Model\GameObjects\GameActors\ActorFSM</Filter>
    </ClCompile>
    <ClCompile Include="src\Viewmodel\GameStatesManager.cpp">
      <Filter>Source Files\Viewmodel</Filter>
    </ClCompile>
    <ClCompile Include="src\Viewmodel\GameViewModel.cpp">
      <Filter>Source Files\Viewmodel</Filter>
    </ClCompile>
    <ClCompile Include="src\Viewmodel\introstate.cpp">
      <Filter>Source Files\Viewmodel</Filter>
    </ClCompile>
    <ClCompile Include="src\Viewmodel\menustate.cpp">
      <Filter>Source Files\Viewmodel</Filter>
    </ClCompile>
    <ClCompile Include="src\Viewmodel\playstate.cpp">
      <Filter>Source Files\Viewmodel</Filter>
    </ClCompile>
    <ClCompile Include="src\Viewmodel\endGameState.cpp">
      <Filter>Source Files\Viewmodel</Filter>
    </ClCompile>
    <ClCompile Include="PredatorPrey\graze.cpp">
      <Filter>Source Files</Filter>
    </ClCompile>
    <ClCompile Include="src\Model\GameObjects\GameActors\CharacterFSM.cpp">
      <Filter>Source Files\Model\GameObjects\GameActors</Filter>
    </ClCompile>
    <ClCompile Include="src\Model\GameObjects\GameActors\ActorFSM\FlagReturnState.cpp">
      <Filter>Source Files\Model\GameObjects\GameActors\ActorFSM</Filter>
    </ClCompile>
  </ItemGroup>
  <ItemGroup>
    <ClInclude Include="include\View\D2DHelper.h">
      <Filter>Header Files\View</Filter>
    </ClInclude>
    <ClInclude Include="include\View\D2DRenderer.h">
      <Filter>Header Files\View</Filter>
    </ClInclude>
    <ClInclude Include="include\View\Window.h">
      <Filter>Header Files\View</Filter>
    </ClInclude>
    <ClInclude Include="include\Model\game.h">
      <Filter>Header Files\Model</Filter>
    </ClInclude>
    <ClInclude Include="include\Model\virtualtime.h">
      <Filter>Header Files\Model</Filter>
    </ClInclude>
    <ClInclude Include="include\Model\agentbrainlib.h">
      <Filter>Header Files\Model</Filter>
    </ClInclude>
    <ClInclude Include="include\Model\GameObjects\Flag.h">
      <Filter>Header Files\Model\GameObjects</Filter>
    </ClInclude>
    <ClInclude Include="include\Model\GameObjects\GameActors\agent.h">
      <Filter>Header Files\Model\GameObjects\GameActors</Filter>
    </ClInclude>
    <ClInclude Include="include\Model\GameObjects\GameActors\Antelope.h">
      <Filter>Header Files\Model\GameObjects\GameActors</Filter>
    </ClInclude>
    <ClInclude Include="include\Model\GameObjects\GameActors\GameObject.h">
      <Filter>Header Files\Model\GameObjects\GameActors</Filter>
    </ClInclude>
    <ClInclude Include="include\Model\GameObjects\GameActors\Lion.h">
      <Filter>Header Files\Model\GameObjects\GameActors</Filter>
    </ClInclude>
    <ClInclude Include="include\Model\GameObjects\GameActors\StartPosition.h">
      <Filter>Header Files\Model\GameObjects\GameActors</Filter>
    </ClInclude>
    <ClInclude Include="include\Model\GameObjects\GameActors\ActorFSM\EscapeState.h">
      <Filter>Header Files\Model\GameObjects\GameActors\ActorFSM</Filter>
    </ClInclude>
    <ClInclude Include="include\Model\GameObjects\GameActors\ActorFSM\FlagSeekState.h">
      <Filter>Header Files\Model\GameObjects\GameActors\ActorFSM</Filter>
    </ClInclude>
    <ClInclude Include="include\Model\GameObjects\GameActors\ActorFSM\stateBase.h">
      <Filter>Header Files\Model\GameObjects\GameActors\ActorFSM</Filter>
    </ClInclude>
    <ClInclude Include="include\Model\GameObjects\GameActors\ActorFSM\AttackState.h">
      <Filter>Header Files\Model\GameObjects\GameActors\ActorFSM</Filter>
    </ClInclude>
    <ClInclude Include="include\Viewmodel\GameStatesManager.h">
      <Filter>Header Files\Viewmodel</Filter>
    </ClInclude>
    <ClInclude Include="include\Viewmodel\introstate.h">
      <Filter>Header Files\Viewmodel</Filter>
    </ClInclude>
    <ClInclude Include="include\Viewmodel\menustate.h">
      <Filter>Header Files\Viewmodel</Filter>
    </ClInclude>
    <ClInclude Include="include\Viewmodel\playstate.h">
      <Filter>Header Files\Viewmodel</Filter>
    </ClInclude>
    <ClInclude Include="include\Viewmodel\endGameState.h">
      <Filter>Header Files\Viewmodel</Filter>
    </ClInclude>
    <ClInclude Include="include\Viewmodel\gameManager.h">
      <Filter>Header Files\Viewmodel</Filter>
    </ClInclude>
    <ClInclude Include="include\Viewmodel\gamestate.h">
      <Filter>Header Files\Viewmodel</Filter>
    </ClInclude>
    <ClInclude Include="PredatorPrey\graze.h">
      <Filter>Source Files</Filter>
    </ClInclude>
    <ClInclude Include="include\Model\GameObjects\GameActors\CharacterFSM.h">
      <Filter>Header Files\Model\GameObjects\GameActors</Filter>
    </ClInclude>
    <ClInclude Include="include\Viewmodel\GameViewModel.h">
      <Filter>Header Files\Viewmodel</Filter>
    </ClInclude>
    <ClInclude Include="include\Model\GameObjects\GameActors\ActorFSM\FlagReturnState.h">
      <Filter>Header Files\Model\GameObjects\GameActors\ActorFSM</Filter>
    </ClInclude>
  </ItemGroup>
</Project>